{
    "hash": "e5a66c91ba6c2c477f46659e75dcd162",
    "packages": [
        {
            "package": "pear-pear.apache.org/log4php/Apache_log4php",
            "version": "2.2.1"
        }
    ],
    "packages-dev": null,
    "aliases": [

    ],
    "minimum-stability": "stable",
    "stability-flags": [

    ]
}
